version = 1
revision = 3
requires-python = ">=3.14"

[[package]]
name = "cliff"
version = "0.1.0"
source = { editable = "." }
dependencies = [
    { name = "py-assimilator" },
]

[package.metadata]
requires-dist = [{ name = "py-assimilator", specifier = ">=1.3.1" }]

[[package]]
name = "py-assimilator"
version = "1.3.1"
source = { registry = "https://pypi.org/simple" }
dependencies = [
    { name = "pydantic" },
]
sdist = { url = "https://files.pythonhosted.org/packages/6d/19/ffcc25b2efcdb164c8ed5fcff85c7a14b35ce792ff71574d73e489e9a893/py_assimilator-1.3.1.tar.gz", hash = "sha256:43b3292a82a3bd7251ae7c531634f9c70544c21b807e8268c8f545aaa9b6e935", size = 26985, upload-time = "2023-06-25T12:31:14.502Z" }
wheels = [
    { url = "https://files.pythonhosted.org/packages/9b/66/9acbd24cb5489ae5a6c824244ac3778f8c6c83efc2795eb8df1a5b371443/py_assimilator-1.3.1-py3-none-any.whl", hash = "sha256:94f184f43097f7587f679a76489eb00e6aa40a1bdf95863458ff7d87a094fbd2", size = 49820, upload-time = "2023-06-25T12:31:13.252Z" },
]

[[package]]
name = "pydantic"
version = "1.10.26"
source = { registry = "https://pypi.org/simple" }
dependencies = [
    { name = "typing-extensions" },
]
sdist = { url = "https://files.pythonhosted.org/packages/7b/da/fd89f987a376c807cd81ea0eff4589aade783bbb702637b4734ef2c743a2/pydantic-1.10.26.tar.gz", hash = "sha256:8c6aa39b494c5af092e690127c283d84f363ac36017106a9e66cb33a22ac412e", size = 357906, upload-time = "2025-12-18T15:47:46.557Z" }
wheels = [
    { url = "https://files.pythonhosted.org/packages/d2/8b/0c3dc02d4b97790b0f199bf933f677c14e7be4a8d21307c5f2daae06aa41/pydantic-1.10.26-cp314-cp314-macosx_10_15_x86_64.whl", hash = "sha256:6b40730cc81d53d515dc0b8bb5c9b43fadb9bed46de4a3c03bd95e8571616dba", size = 2502689, upload-time = "2025-12-18T15:47:12.308Z" },
    { url = "https://files.pythonhosted.org/packages/d4/9d/d31aeea45542b2ae4b09ecba92b88aaba696b801c31919811aa979a1242d/pydantic-1.10.26-cp314-cp314-macosx_11_0_arm64.whl", hash = "sha256:c3bbb9c0eecdf599e4db9b372fa9cc55be12e80a0d9c6d307950a39050cb0e37", size = 2269494, upload-time = "2025-12-18T15:47:14.53Z" },
    { url = "https://files.pythonhosted.org/packages/78/c1/3a4d069593283ca4dd0006039ba33644e21e432cddc09da706ac50441610/pydantic-1.10.26-cp314-cp314-manylinux2014_x86_64.manylinux_2_17_x86_64.whl", hash = "sha256:cc2e3fe7bc4993626ef6b6fa855defafa1d6f8996aa1caef2deb83c5ac4d043a", size = 2620047, upload-time = "2025-12-18T15:47:17.089Z" },
    { url = "https://files.pythonhosted.org/packages/e0/0e/340c3d29197d99c15ab04093d43bb9c9d0fd17c2a34b80cb9d36ed732b09/pydantic-1.10.26-cp314-cp314-musllinux_1_2_x86_64.whl", hash = "sha256:36d9e46b588aaeb1dcd2409fa4c467fe0b331f3cc9f227b03a7a00643704e962", size = 2747625, upload-time = "2025-12-18T15:47:19.21Z" },
    { url = "https://files.pythonhosted.org/packages/1e/58/f12ab3727339b172c830b32151919456b67787cdfe8808b2568b322fb15c/pydantic-1.10.26-cp314-cp314-win_amd64.whl", hash = "sha256:81ce3c8616d12a7be31b4aadfd3434f78f6b44b75adbfaec2fe1ad4f7f999b8c", size = 1976436, upload-time = "2025-12-18T15:47:21.384Z" },
    { url = "https://files.pythonhosted.org/packages/1f/98/556e82f00b98486def0b8af85da95e69d2be7e367cf2431408e108bc3095/pydantic-1.10.26-py3-none-any.whl", hash = "sha256:c43ad70dc3ce7787543d563792426a16fd7895e14be4b194b5665e36459dd917", size = 166975, upload-time = "2025-12-18T15:47:44.927Z" },
]

[[package]]
name = "typing-extensions"
version = "4.15.0"
source = { registry = "https://pypi.org/simple" }
sdist = { url = "https://files.pythonhosted.org/packages/72/94/1a15dd82efb362ac84269196e94cf00f187f7ed21c242792a923cdb1c61f/typing_extensions-4.15.0.tar.gz", hash = "sha256:0cea48d173cc12fa28ecabc3b837ea3cf6f38c6d1136f85cbaaf598984861466", size = 109391, upload-time = "2025-08-25T13:49:26.313Z" }
wheels = [
    { url = "https://files.pythonhosted.org/packages/18/67/36e9267722cc04a6b9f15c7f3441c2363321a3ea07da7ae0c0707beb2a9c/typing_extensions-4.15.0-py3-none-any.whl", hash = "sha256:f0fa19c6845758ab08074a0cfa8b7aecb71c999ca73d62883bc25cc018c4e548", size = 44614, upload-time = "2025-08-25T13:49:24.86Z" },
]
